// !$*UTF8*$!
{
	archiveVersion = 1;
	classes = {
	};
	objectVersion = 48;
	objects = {

/* Begin PBXBuildFile section */
		313C2B3E2032B3AF0036FC0C /* AppDelegate.swift in Sources */ = {isa = PBXBuildFile; fileRef = 313C2B3D2032B3AF0036FC0C /* AppDelegate.swift */; };
		313C2B402032B3AF0036FC0C /* LoginViewController.swift in Sources */ = {isa = PBXBuildFile; fileRef = 313C2B3F2032B3AF0036FC0C /* LoginViewController.swift */; };
		313C2B432032B3AF0036FC0C /* Main.storyboard in Resources */ = {isa = PBXBuildFile; fileRef = 313C2B412032B3AF0036FC0C /* Main.storyboard */; };
		313C2B452032B3AF0036FC0C /* Assets.xcassets in Resources */ = {isa = PBXBuildFile; fileRef = 313C2B442032B3AF0036FC0C /* Assets.xcassets */; };
		313C2B482032B3AF0036FC0C /* LaunchScreen.storyboard in Resources */ = {isa = PBXBuildFile; fileRef = 313C2B462032B3AF0036FC0C /* LaunchScreen.storyboard */; };
		3175CE9A20367E9600CFCF23 /* UdacityClientAPI.swift in Sources */ = {isa = PBXBuildFile; fileRef = 3175CE9920367E9600CFCF23 /* UdacityClientAPI.swift */; };
		31A81796203CA6E600F2C607 /* ListViewController.swift in Sources */ = {isa = PBXBuildFile; fileRef = 31A81795203CA6E600F2C607 /* ListViewController.swift */; };
		31AF02242033E33000B2D86C /* WebViewController.swift in Sources */ = {isa = PBXBuildFile; fileRef = 31AF02232033E33000B2D86C /* WebViewController.swift */; };
		31B03EB1203B44FF00F55958 /* ParseClientAPI.swift in Sources */ = {isa = PBXBuildFile; fileRef = 31B03EB0203B44FF00F55958 /* ParseClientAPI.swift */; };
		31B03EB3203B4EFA00F55958 /* ParseConvenience.swift in Sources */ = {isa = PBXBuildFile; fileRef = 31B03EB2203B4EFA00F55958 /* ParseConvenience.swift */; };
		31B03EB5203B557A00F55958 /* StudentLocation.swift in Sources */ = {isa = PBXBuildFile; fileRef = 31B03EB4203B557A00F55958 /* StudentLocation.swift */; };
		31B03EB7203B5A9100F55958 /* StudentArray.swift in Sources */ = {isa = PBXBuildFile; fileRef = 31B03EB6203B5A9100F55958 /* StudentArray.swift */; };
		31B03EBB203B6CD400F55958 /* MapViewController.swift in Sources */ = {isa = PBXBuildFile; fileRef = 31B03EBA203B6CD400F55958 /* MapViewController.swift */; };
		31B03EBD203B7CF400F55958 /* PostingPinViewController.swift in Sources */ = {isa = PBXBuildFile; fileRef = 31B03EBC203B7CF400F55958 /* PostingPinViewController.swift */; };
		31B03EBF203B87D900F55958 /* LocationData.swift in Sources */ = {isa = PBXBuildFile; fileRef = 31B03EBE203B87D900F55958 /* LocationData.swift */; };
		31B03EC5203B8EEE00F55958 /* FinishPostingPinViewController.swift in Sources */ = {isa = PBXBuildFile; fileRef = 31B03EC4203B8EEE00F55958 /* FinishPostingPinViewController.swift */; };
		31ED972A203A0D4000E22450 /* UdacityConvenience.swift in Sources */ = {isa = PBXBuildFile; fileRef = 31ED9729203A0D4000E22450 /* UdacityConvenience.swift */; };
		31ED972C203A0E4000E22450 /* Constants.swift in Sources */ = {isa = PBXBuildFile; fileRef = 31ED972B203A0E4000E22450 /* Constants.swift */; };
		31ED972E203A188A00E22450 /* UserData.swift in Sources */ = {isa = PBXBuildFile; fileRef = 31ED972D203A188A00E22450 /* UserData.swift */; };
		31ED9730203A993A00E22450 /* GCDBlackBox.swift in Sources */ = {isa = PBXBuildFile; fileRef = 31ED972F203A993900E22450 /* GCDBlackBox.swift */; };
/* End PBXBuildFile section */

/* Begin PBXFileReference section */
		313C2B3A2032B3AF0036FC0C /* on the map.app */ = {isa = PBXFileReference; explicitFileType = wrapper.application; includeInIndex = 0; path = "on the map.app"; sourceTree = BUILT_PRODUCTS_DIR; };
		313C2B3D2032B3AF0036FC0C /* AppDelegate.swift */ = {isa = PBXFileReference; lastKnownFileType = sourcecode.swift; path = AppDelegate.swift; sourceTree = "<group>"; };
		313C2B3F2032B3AF0036FC0C /* LoginViewController.swift */ = {isa = PBXFileReference; lastKnownFileType = sourcecode.swift; path = LoginViewController.swift; sourceTree = "<group>"; };
		313C2B422032B3AF0036FC0C /* Base */ = {isa = PBXFileReference; lastKnownFileType = file.storyboard; name = Base; path = Base.lproj/Main.storyboard; sourceTree = "<group>"; };
		313C2B442032B3AF0036FC0C /* Assets.xcassets */ = {isa = PBXFileReference; lastKnownFileType = folder.assetcatalog; path = Assets.xcassets; sourceTree = "<group>"; };
		313C2B472032B3AF0036FC0C /* Base */ = {isa = PBXFileReference; lastKnownFileType = file.storyboard; name = Base; path = Base.lproj/LaunchScreen.storyboard; sourceTree = "<group>"; };
		313C2B492032B3AF0036FC0C /* Info.plist */ = {isa = PBXFileReference; lastKnownFileType = text.plist.xml; path = Info.plist; sourceTree = "<group>"; };
		3175CE9920367E9600CFCF23 /* UdacityClientAPI.swift */ = {isa = PBXFileReference; lastKnownFileType = sourcecode.swift; path = UdacityClientAPI.swift; sourceTree = "<group>"; };
		31A81795203CA6E600F2C607 /* ListViewController.swift */ = {isa = PBXFileReference; lastKnownFileType = sourcecode.swift; path = ListViewController.swift; sourceTree = "<group>"; };
		31AF02232033E33000B2D86C /* WebViewController.swift */ = {isa = PBXFileReference; lastKnownFileType = sourcecode.swift; path = WebViewController.swift; sourceTree = "<group>"; };
		31B03EB0203B44FF00F55958 /* ParseClientAPI.swift */ = {isa = PBXFileReference; lastKnownFileType = sourcecode.swift; name = ParseClientAPI.swift; path = ../ParseClientAPI.swift; sourceTree = "<group>"; };
		31B03EB2203B4EFA00F55958 /* ParseConvenience.swift */ = {isa = PBXFileReference; fileEncoding = 4; lastKnownFileType = sourcecode.swift; path = ParseConvenience.swift; sourceTree = "<group>"; };
		31B03EB4203B557A00F55958 /* StudentLocation.swift */ = {isa = PBXFileReference; fileEncoding = 4; lastKnownFileType = sourcecode.swift; path = StudentLocation.swift; sourceTree = "<group>"; };
		31B03EB6203B5A9100F55958 /* StudentArray.swift */ = {isa = PBXFileReference; fileEncoding = 4; lastKnownFileType = sourcecode.swift; path = StudentArray.swift; sourceTree = "<group>"; };
		31B03EBA203B6CD400F55958 /* MapViewController.swift */ = {isa = PBXFileReference; lastKnownFileType = sourcecode.swift; name = MapViewController.swift; path = ../MapViewController.swift; sourceTree = "<group>"; };
		31B03EBC203B7CF400F55958 /* PostingPinViewController.swift */ = {isa = PBXFileReference; lastKnownFileType = sourcecode.swift; path = PostingPinViewController.swift; sourceTree = "<group>"; };
		31B03EBE203B87D900F55958 /* LocationData.swift */ = {isa = PBXFileReference; fileEncoding = 4; lastKnownFileType = sourcecode.swift; path = LocationData.swift; sourceTree = "<group>"; };
		31B03EC4203B8EEE00F55958 /* FinishPostingPinViewController.swift */ = {isa = PBXFileReference; lastKnownFileType = sourcecode.swift; path = FinishPostingPinViewController.swift; sourceTree = "<group>"; };
		31ED9729203A0D4000E22450 /* UdacityConvenience.swift */ = {isa = PBXFileReference; lastKnownFileType = sourcecode.swift; path = UdacityConvenience.swift; sourceTree = "<group>"; };
		31ED972B203A0E4000E22450 /* Constants.swift */ = {isa = PBXFileReference; lastKnownFileType = sourcecode.swift; path = Constants.swift; sourceTree = "<group>"; };
		31ED972D203A188A00E22450 /* UserData.swift */ = {isa = PBXFileReference; fileEncoding = 4; lastKnownFileType = sourcecode.swift; path = UserData.swift; sourceTree = "<group>"; };
		31ED972F203A993900E22450 /* GCDBlackBox.swift */ = {isa = PBXFileReference; fileEncoding = 4; lastKnownFileType = sourcecode.swift; path = GCDBlackBox.swift; sourceTree = "<group>"; };
/* End PBXFileReference section */

/* Begin PBXFrameworksBuildPhase section */
		313C2B372032B3AF0036FC0C /* Frameworks */ = {
			isa = PBXFrameworksBuildPhase;
			buildActionMask = 2147483647;
			files = (
			);
			runOnlyForDeploymentPostprocessing = 0;
		};
/* End PBXFrameworksBuildPhase section */

/* Begin PBXGroup section */
		313C2B312032B3AF0036FC0C = {
			isa = PBXGroup;
			children = (
				313C2B3C2032B3AF0036FC0C /* on the map */,
				313C2B3B2032B3AF0036FC0C /* Products */,
			);
			sourceTree = "<group>";
		};
		313C2B3B2032B3AF0036FC0C /* Products */ = {
			isa = PBXGroup;
			children = (
				313C2B3A2032B3AF0036FC0C /* on the map.app */,
			);
			name = Products;
			sourceTree = "<group>";
		};
		313C2B3C2032B3AF0036FC0C /* on the map */ = {
			isa = PBXGroup;
			children = (
				313C2B3D2032B3AF0036FC0C /* AppDelegate.swift */,
				31ED972F203A993900E22450 /* GCDBlackBox.swift */,
				3175CE9920367E9600CFCF23 /* UdacityClientAPI.swift */,
				31ED9729203A0D4000E22450 /* UdacityConvenience.swift */,
				31B03EB0203B44FF00F55958 /* ParseClientAPI.swift */,
				31B03EB2203B4EFA00F55958 /* ParseConvenience.swift */,
				31ED972D203A188A00E22450 /* UserData.swift */,
				31ED972B203A0E4000E22450 /* Constants.swift */,
				31B03EBE203B87D900F55958 /* LocationData.swift */,
				31B03EB4203B557A00F55958 /* StudentLocation.swift */,
				31B03EB6203B5A9100F55958 /* StudentArray.swift */,
				313C2B3F2032B3AF0036FC0C /* LoginViewController.swift */,
				31AF02232033E33000B2D86C /* WebViewController.swift */,
				31B03EBA203B6CD400F55958 /* MapViewController.swift */,
				31A81795203CA6E600F2C607 /* ListViewController.swift */,
				31B03EBC203B7CF400F55958 /* PostingPinViewController.swift */,
				31B03EC4203B8EEE00F55958 /* FinishPostingPinViewController.swift */,
				313C2B412032B3AF0036FC0C /* Main.storyboard */,
				313C2B442032B3AF0036FC0C /* Assets.xcassets */,
				313C2B462032B3AF0036FC0C /* LaunchScreen.storyboard */,
				313C2B492032B3AF0036FC0C /* Info.plist */,
			);
			path = "on the map";
			sourceTree = "<group>";
		};
/* End PBXGroup section */

/* Begin PBXNativeTarget section */
		313C2B392032B3AF0036FC0C /* on the map */ = {
			isa = PBXNativeTarget;
			buildConfigurationList = 313C2B4C2032B3AF0036FC0C /* Build configuration list for PBXNativeTarget "on the map" */;
			buildPhases = (
				313C2B362032B3AF0036FC0C /* Sources */,
				313C2B372032B3AF0036FC0C /* Frameworks */,
				313C2B382032B3AF0036FC0C /* Resources */,
			);
			buildRules = (
			);
			dependencies = (
			);
			name = "on the map";
			productName = "on the map";
			productReference = 313C2B3A2032B3AF0036FC0C /* on the map.app */;
			productType = "com.apple.product-type.application";
		};
/* End PBXNativeTarget section */

/* Begin PBXProject section */
		313C2B322032B3AF0036FC0C /* Project object */ = {
			isa = PBXProject;
			attributes = {
				LastSwiftUpdateCheck = 0920;
				LastUpgradeCheck = 0920;
				ORGANIZATIONNAME = "pu yang";
				TargetAttributes = {
					313C2B392032B3AF0036FC0C = {
						CreatedOnToolsVersion = 9.2;
						ProvisioningStyle = Automatic;
					};
				};
			};
			buildConfigurationList = 313C2B352032B3AF0036FC0C /* Build configuration list for PBXProject "on the map" */;
			compatibilityVersion = "Xcode 8.0";
			developmentRegion = en;
			hasScannedForEncodings = 0;
			knownRegions = (
				en,
				Base,
			);
			mainGroup = 313C2B312032B3AF0036FC0C;
			productRefGroup = 313C2B3B2032B3AF0036FC0C /* Products */;
			projectDirPath = "";
			projectRoot = "";
			targets = (
				313C2B392032B3AF0036FC0C /* on the map */,
			);
		};
/* End PBXProject section */

/* Begin PBXResourcesBuildPhase section */
		313C2B382032B3AF0036FC0C /* Resources */ = {
			isa = PBXResourcesBuildPhase;
			buildActionMask = 2147483647;
			files = (
				313C2B482032B3AF0036FC0C /* LaunchScreen.storyboard in Resources */,
				313C2B452032B3AF0036FC0C /* Assets.xcassets in Resources */,
				313C2B432032B3AF0036FC0C /* Main.storyboard in Resources */,
			);
			runOnlyForDeploymentPostprocessing = 0;
		};
/* End PBXResourcesBuildPhase section */

/* Begin PBXSourcesBuildPhase section */
		313C2B362032B3AF0036FC0C /* Sources */ = {
			isa = PBXSourcesBuildPhase;
			buildActionMask = 2147483647;
			files = (
				31A81796203CA6E600F2C607 /* ListViewController.swift in Sources */,
				31ED9730203A993A00E22450 /* GCDBlackBox.swift in Sources */,
				31B03EB5203B557A00F55958 /* StudentLocation.swift in Sources */,
				31AF02242033E33000B2D86C /* WebViewController.swift in Sources */,
				3175CE9A20367E9600CFCF23 /* UdacityClientAPI.swift in Sources */,
				31ED972E203A188A00E22450 /* UserData.swift in Sources */,
				313C2B402032B3AF0036FC0C /* LoginViewController.swift in Sources */,
				31B03EBB203B6CD400F55958 /* MapViewController.swift in Sources */,
				31B03EB3203B4EFA00F55958 /* ParseConvenience.swift in Sources */,
				31ED972A203A0D4000E22450 /* UdacityConvenience.swift in Sources */,
				31B03EBF203B87D900F55958 /* LocationData.swift in Sources */,
				31B03EC5203B8EEE00F55958 /* FinishPostingPinViewController.swift in Sources */,
				313C2B3E2032B3AF0036FC0C /* AppDelegate.swift in Sources */,
				31ED972C203A0E4000E22450 /* Constants.swift in Sources */,
				31B03EB1203B44FF00F55958 /* ParseClientAPI.swift in Sources */,
				31B03EB7203B5A9100F55958 /* StudentArray.swift in Sources */,
				31B03EBD203B7CF400F55958 /* PostingPinViewController.swift in Sources */,
			);
			runOnlyForDeploymentPostprocessing = 0;
		};
/* End PBXSourcesBuildPhase section */

/* Begin PBXVariantGroup section */
		313C2B412032B3AF0036FC0C /* Main.storyboard */ = {
			isa = PBXVariantGroup;
			children = (
				313C2B422032B3AF0036FC0C /* Base */,
			);
			name = Main.storyboard;
			sourceTree = "<group>";
		};
		313C2B462032B3AF0036FC0C /* LaunchScreen.storyboard */ = {
			isa = PBXVariantGroup;
			children = (
				313C2B472032B3AF0036FC0C /* Base */,
			);
			name = LaunchScreen.storyboard;
			sourceTree = "<group>";
		};
/* End PBXVariantGroup section */

/* Begin XCBuildConfiguration section */
		313C2B4A2032B3AF0036FC0C /* Debug */ = {
			isa = XCBuildConfiguration;
			buildSettings = {
				ALWAYS_SEARCH_USER_PATHS = NO;
				CLANG_ANALYZER_NONNULL = YES;
				CLANG_ANALYZER_NUMBER_OBJECT_CONVERSION = YES_AGGRESSIVE;
				CLANG_CXX_LANGUAGE_STANDARD = "gnu++14";
				CLANG_CXX_LIBRARY = "libc++";
				CLANG_ENABLE_MODULES = YES;
				CLANG_ENABLE_OBJC_ARC = YES;
				CLANG_WARN_BLOCK_CAPTURE_AUTORELEASING = YES;
				CLANG_WARN_BOOL_CONVERSION = YES;
				CLANG_WARN_COMMA = YES;
				CLANG_WARN_CONSTANT_CONVERSION = YES;
				CLANG_WARN_DIRECT_OBJC_ISA_USAGE = YES_ERROR;
				CLANG_WARN_DOCUMENTATION_COMMENTS = YES;
				CLANG_WARN_EMPTY_BODY = YES;
				CLANG_WARN_ENUM_CONVERSION = YES;
				CLANG_WARN_INFINITE_RECURSION = YES;
				CLANG_WARN_INT_CONVERSION = YES;
				CLANG_WARN_NON_LITERAL_NULL_CONVERSION = YES;
				CLANG_WARN_OBJC_LITERAL_CONVERSION = YES;
				CLANG_WARN_OBJC_ROOT_CLASS = YES_ERROR;
				CLANG_WARN_RANGE_LOOP_ANALYSIS = YES;
				CLANG_WARN_STRICT_PROTOTYPES = YES;
				CLANG_WARN_SUSPICIOUS_MOVE = YES;
				CLANG_WARN_UNGUARDED_AVAILABILITY = YES_AGGRESSIVE;
				CLANG_WARN_UNREACHABLE_CODE = YES;
				CLANG_WARN__DUPLICATE_METHOD_MATCH = YES;
				CODE_SIGN_IDENTITY = "iPhone Developer";
				COPY_PHASE_STRIP = NO;
				DEBUG_INFORMATION_FORMAT = dwarf;
				ENABLE_STRICT_OBJC_MSGSEND = YES;
				ENABLE_TESTABILITY = YES;
				GCC_C_LANGUAGE_STANDARD = gnu11;
				GCC_DYNAMIC_NO_PIC = NO;
				GCC_NO_COMMON_BLOCKS = YES;
				GCC_OPTIMIZATION_LEVEL = 0;
				GCC_PREPROCESSOR_DEFINITIONS = (
					"DEBUG=1",
					"$(inherited)",
				);
				GCC_WARN_64_TO_32_BIT_CONVERSION = YES;
				GCC_WARN_ABOUT_RETURN_TYPE = YES_ERROR;
				GCC_WARN_UNDECLARED_SELECTOR = YES;
				GCC_WARN_UNINITIALIZED_AUTOS = YES_AGGRESSIVE;
				GCC_WARN_UNUSED_FUNCTION = YES;
				GCC_WARN_UNUSED_VARIABLE = YES;
				IPHONEOS_DEPLOYMENT_TARGET = 11.2;
				MTL_ENABLE_DEBUG_INFO = YES;
				ONLY_ACTIVE_ARCH = YES;
				SDKROOT = iphoneos;
				SWIFT_ACTIVE_COMPILATION_CONDITIONS = DEBUG;
				SWIFT_OPTIMIZATION_LEVEL = "-Onone";
			};
			name = Debug;
		};
		313C2B4B2032B3AF0036FC0C /* Release */ = {
			isa = XCBuildConfiguration;
			buildSettings = {
				ALWAYS_SEARCH_USER_PATHS = NO;
				CLANG_ANALYZER_NONNULL = YES;
				CLANG_ANALYZER_NUMBER_OBJECT_CONVERSION = YES_AGGRESSIVE;
				CLANG_CXX_LANGUAGE_STANDARD = "gnu++14";
				CLANG_CXX_LIBRARY = "libc++";
				CLANG_ENABLE_MODULES = YES;
				CLANG_ENABLE_OBJC_ARC = YES;
				CLANG_WARN_BLOCK_CAPTURE_AUTORELEASING = YES;
				CLANG_WARN_BOOL_CONVERSION = YES;
				CLANG_WARN_COMMA = YES;
				CLANG_WARN_CONSTANT_CONVERSION = YES;
				CLANG_WARN_DIRECT_OBJC_ISA_USAGE = YES_ERROR;
				CLANG_WARN_DOCUMENTATION_COMMENTS = YES;
				CLANG_WARN_EMPTY_BODY = YES;
				CLANG_WARN_ENUM_CONVERSION = YES;
				CLANG_WARN_INFINITE_RECURSION = YES;
				CLANG_WARN_INT_CONVERSION = YES;
				CLANG_WARN_NON_LITERAL_NULL_CONVERSION = YES;
				CLANG_WARN_OBJC_LITERAL_CONVERSION = YES;
				CLANG_WARN_OBJC_ROOT_CLASS = YES_ERROR;
				CLANG_WARN_RANGE_LOOP_ANALYSIS = YES;
				CLANG_WARN_STRICT_PROTOTYPES = YES;
				CLANG_WARN_SUSPICIOUS_MOVE = YES;
				CLANG_WARN_UNGUARDED_AVAILABILITY = YES_AGGRESSIVE;
				CLANG_WARN_UNREACHABLE_CODE = YES;
				CLANG_WARN__DUPLICATE_METHOD_MATCH = YES;
				CODE_SIGN_IDENTITY = "iPhone Developer";
				COPY_PHASE_STRIP = NO;
				DEBUG_INFORMATION_FORMAT = "dwarf-with-dsym";
				ENABLE_NS_ASSERTIONS = NO;
				ENABLE_STRICT_OBJC_MSGSEND = YES;
				GCC_C_LANGUAGE_STANDARD = gnu11;
				GCC_NO_COMMON_BLOCKS = YES;
				GCC_WARN_64_TO_32_BIT_CONVERSION = YES;
				GCC_WARN_ABOUT_RETURN_TYPE = YES_ERROR;
				GCC_WARN_UNDECLARED_SELECTOR = YES;
				GCC_WARN_UNINITIALIZED_AUTOS = YES_AGGRESSIVE;
				GCC_WARN_UNUSED_FUNCTION = YES;
				GCC_WARN_UNUSED_VARIABLE = YES;
				IPHONEOS_DEPLOYMENT_TARGET = 11.2;
				MTL_ENABLE_DEBUG_INFO = NO;
				SDKROOT = iphoneos;
				SWIFT_OPTIMIZATION_LEVEL = "-Owholemodule";
				VALIDATE_PRODUCT = YES;
			};
			name = Release;
		};
		313C2B4D2032B3AF0036FC0C /* Debug */ = {
			isa = XCBuildConfiguration;
			buildSettings = {
				ASSETCATALOG_COMPILER_APPICON_NAME = AppIcon;
				CODE_SIGN_STYLE = Automatic;
				DEVELOPMENT_TEAM = 5TH5SFXTN9;
				INFOPLIST_FILE = "on the map/Info.plist";
				IPHONEOS_DEPLOYMENT_TARGET = 10.3;
				LD_RUNPATH_SEARCH_PATHS = "$(inherited) @executable_path/Frameworks";
				PRODUCT_BUNDLE_IDENTIFIER = "com.puyang.on-the-map";
				PRODUCT_NAME = "$(TARGET_NAME)";
				SWIFT_VERSION = 4.0;
				TARGETED_DEVICE_FAMILY = "1,2";
			};
			name = Debug;
		};
		313C2B4E2032B3AF0036FC0C /* Release */ = {
			isa = XCBuildConfiguration;
			buildSettings = {
				ASSETCATALOG_COMPILER_APPICON_NAME = AppIcon;
				CODE_SIGN_STYLE = Automatic;
				DEVELOPMENT_TEAM = 5TH5SFXTN9;
				INFOPLIST_FILE = "on the map/Info.plist";
				IPHONEOS_DEPLOYMENT_TARGET = 10.3;
				LD_RUNPATH_SEARCH_PATHS = "$(inherited) @executable_path/Frameworks";
				PRODUCT_BUNDLE_IDENTIFIER = "com.puyang.on-the-map";
				PRODUCT_NAME = "$(TARGET_NAME)";
				SWIFT_VERSION = 4.0;
				TARGETED_DEVICE_FAMILY = "1,2";
			};
			name = Release;
		};
/* End XCBuildConfiguration section */

/* Begin XCConfigurationList section */
		313C2B352032B3AF0036FC0C /* Build configuration list for PBXProject "on the map" */ = {
			isa = XCConfigurationList;
			buildConfigurations = (
				313C2B4A2032B3AF0036FC0C /* Debug */,
				313C2B4B2032B3AF0036FC0C /* Release */,
			);
			defaultConfigurationIsVisible = 0;
			defaultConfigurationName = Release;
		};
		313C2B4C2032B3AF0036FC0C /* Build configuration list for PBXNativeTarget "on the map" */ = {
			isa = XCConfigurationList;
			buildConfigurations = (
				313C2B4D2032B3AF0036FC0C /* Debug */,
				313C2B4E2032B3AF0036FC0C /* Release */,
			);
			defaultConfigurationIsVisible = 0;
			defaultConfigurationName = Release;
		};
/* End XCConfigurationList section */
	};
	rootObject = 313C2B322032B3AF0036FC0C /* Project object */;
}
